
Microsoft Visual Studio Solution File, Format Version 12.00
# Visual Studio Version 17
VisualStudioVersion = 17.0.32014.148
MinimumVisualStudioVersion = 10.0.40219.1
Project("{FAE04EC0-301F-11D3-BF4B-00C04F79EFBC}") = "Model_Binding", "Model_Binding\Model_Binding.csproj", "{81417FE9-6F85-43A5-914B-32F94BA1ECCA}"
EndProject
Global
	GlobalSection(SolutionConfigurationPlatforms) = preSolution
		Debug|Any CPU = Debug|Any CPU
		Release|Any CPU = Release|Any CPU
	EndGlobalSection
	GlobalSection(ProjectConfigurationPlatforms) = postSolution
		{81417FE9-6F85-43A5-914B-32F94BA1ECCA}.Debug|Any CPU.ActiveCfg = Debug|Any CPU
		{81417FE9-6F85-43A5-914B-32F94BA1ECCA}.Debug|Any CPU.Build.0 = Debug|Any CPU
		{81417FE9-6F85-43A5-914B-32F94BA1ECCA}.Release|Any CPU.ActiveCfg = Release|Any CPU
		{81417FE9-6F85-43A5-914B-32F94BA1ECCA}.Release|Any CPU.Build.0 = Release|Any CPU
	EndGlobalSection
	GlobalSection(SolutionProperties) = preSolution
		HideSolutionNode = FALSE
	EndGlobalSection
	GlobalSection(ExtensibilityGlobals) = postSolution
		SolutionGuid = {2DA3DD9C-CADB-42B7-90C4-77419390A0A1}
	EndGlobalSection
EndGlobal
